// !$*UTF8*$!
{
	archiveVersion = 1;
	classes = {
	};
	objectVersion = 56;
	objects = {

/* Begin PBXBuildFile section */
		99A123EA2A0B52C300482C9A /* main.swift in Sources */ = {isa = PBXBuildFile; fileRef = 99A123E92A0B52C300482C9A /* main.swift */; };
/* End PBXBuildFile section */

/* Begin PBXCopyFilesBuildPhase section */
		99320C8728E776D300F592FD /* CopyFiles */ = {
			isa = PBXCopyFilesBuildPhase;
			buildActionMask = 2147483647;
			dstPath = /usr/share/man/man1/;
			dstSubfolderSpec = 0;
			files = (
			);
			runOnlyForDeploymentPostprocessing = 1;
		};
/* End PBXCopyFilesBuildPhase section */

/* Begin PBXFileReference section */
		99320C8928E776D300F592FD /* algorithmTrainning */ = {isa = PBXFileReference; explicitFileType = "compiled.mach-o.executable"; includeInIndex = 0; path = algorithmTrainning; sourceTree = BUILT_PRODUCTS_DIR; };
		99320C8C28E776D300F592FD /* 2558.swift */ = {isa = PBXFileReference; lastKnownFileType = sourcecode.swift; path = 2558.swift; sourceTree = "<group>"; };
		998D813728F0B25F0025ED1B /* 5597.swift */ = {isa = PBXFileReference; lastKnownFileType = sourcecode.swift; path = 5597.swift; sourceTree = "<group>"; };
		998D814A28F0BFCB0025ED1B /* 5522.swift */ = {isa = PBXFileReference; lastKnownFileType = sourcecode.swift; path = 5522.swift; sourceTree = "<group>"; };
		998D814C28F0C1E10025ED1B /* 9086.swift */ = {isa = PBXFileReference; lastKnownFileType = sourcecode.swift; path = 9086.swift; sourceTree = "<group>"; };
		998D814E28F0C62D0025ED1B /* 11382.swift */ = {isa = PBXFileReference; lastKnownFileType = sourcecode.swift; path = 11382.swift; sourceTree = "<group>"; };
		998D815028F1614A0025ED1B /* 10807.swift */ = {isa = PBXFileReference; lastKnownFileType = sourcecode.swift; path = 10807.swift; sourceTree = "<group>"; };
		998D815228F17CD60025ED1B /* 2744.swift */ = {isa = PBXFileReference; lastKnownFileType = sourcecode.swift; path = 2744.swift; sourceTree = "<group>"; };
		998D815428F188220025ED1B /* 2743.swift */ = {isa = PBXFileReference; lastKnownFileType = sourcecode.swift; path = 2743.swift; sourceTree = "<group>"; };
		998D815628F1891F0025ED1B /* 15964.swift */ = {isa = PBXFileReference; lastKnownFileType = sourcecode.swift; path = 15964.swift; sourceTree = "<group>"; };
		998D815828F192890025ED1B /* 2475.swift */ = {isa = PBXFileReference; lastKnownFileType = sourcecode.swift; path = 2475.swift; sourceTree = "<group>"; };
		998D815A28F195960025ED1B /* dfsExam.swift */ = {isa = PBXFileReference; lastKnownFileType = sourcecode.swift; path = dfsExam.swift; sourceTree = "<group>"; };
		998D815C28F1EADE0025ED1B /* 2164.swift */ = {isa = PBXFileReference; lastKnownFileType = sourcecode.swift; path = 2164.swift; sourceTree = "<group>"; };
		998D815E28F1F0700025ED1B /* bfsExam.swift */ = {isa = PBXFileReference; lastKnownFileType = sourcecode.swift; path = bfsExam.swift; sourceTree = "<group>"; };
		998D816028F1FA3E0025ED1B /* bfsExam2.swift */ = {isa = PBXFileReference; lastKnownFileType = sourcecode.swift; path = bfsExam2.swift; sourceTree = "<group>"; };
		998FB64A2A00BE4600F99B18 /* 10798.swift */ = {isa = PBXFileReference; lastKnownFileType = sourcecode.swift; path = 10798.swift; sourceTree = "<group>"; };
		99919EAB2A062C2C00B2591B /* 25305.swift */ = {isa = PBXFileReference; lastKnownFileType = sourcecode.swift; path = 25305.swift; sourceTree = "<group>"; };
		99919EAD2A062FDB00B2591B /* 14425.swift */ = {isa = PBXFileReference; lastKnownFileType = sourcecode.swift; path = 14425.swift; sourceTree = "<group>"; };
		99919EAF2A08AB2100B2591B /* 7785.swift */ = {isa = PBXFileReference; lastKnownFileType = sourcecode.swift; path = 7785.swift; sourceTree = "<group>"; };
		99A123E92A0B52C300482C9A /* main.swift */ = {isa = PBXFileReference; lastKnownFileType = sourcecode.swift; path = main.swift; sourceTree = "<group>"; };
		99B4ABFD2A00C65A00049CA3 /* 2563.swift */ = {isa = PBXFileReference; lastKnownFileType = sourcecode.swift; path = 2563.swift; sourceTree = "<group>"; };
		99BE409928F96EF500D2122B /* 4999.swift */ = {isa = PBXFileReference; lastKnownFileType = sourcecode.swift; path = 4999.swift; sourceTree = "<group>"; };
		99C4CDE32A0A2C54001AA8D3 /* 1764.swift */ = {isa = PBXFileReference; lastKnownFileType = sourcecode.swift; path = 1764.swift; sourceTree = "<group>"; };
		99C4CDE52A0A3B78001AA8D3 /* 1269.swift */ = {isa = PBXFileReference; lastKnownFileType = sourcecode.swift; path = 1269.swift; sourceTree = "<group>"; };
		99C50D532955A36500056FBF /* 1021.swift */ = {isa = PBXFileReference; lastKnownFileType = sourcecode.swift; path = 1021.swift; sourceTree = "<group>"; };
		99C50D55295782B100056FBF /* 8979.swift */ = {isa = PBXFileReference; lastKnownFileType = sourcecode.swift; path = 8979.swift; sourceTree = "<group>"; };
		99C50D5929FFB68A00056FBF /* 2566.swift */ = {isa = PBXFileReference; lastKnownFileType = sourcecode.swift; path = 2566.swift; sourceTree = "<group>"; };
		99C79C882A03871E0021E4D5 /* 2231.swift */ = {isa = PBXFileReference; lastKnownFileType = sourcecode.swift; path = 2231.swift; sourceTree = "<group>"; };
		99DF45D12A02084F0003756C /* 3003.swift */ = {isa = PBXFileReference; lastKnownFileType = sourcecode.swift; path = 3003.swift; sourceTree = "<group>"; };
		99DF45D32A020A990003756C /* 10988.swift */ = {isa = PBXFileReference; lastKnownFileType = sourcecode.swift; path = 10988.swift; sourceTree = "<group>"; };
		99DF45D52A0212CB0003756C /* 25206.swift */ = {isa = PBXFileReference; lastKnownFileType = sourcecode.swift; path = 25206.swift; sourceTree = "<group>"; };
		99FA4AEB2925ED40006583BB /* 1259.swift */ = {isa = PBXFileReference; lastKnownFileType = sourcecode.swift; path = 1259.swift; sourceTree = "<group>"; };
		99FA4AED292611D9006583BB /* 10942.swift */ = {isa = PBXFileReference; lastKnownFileType = sourcecode.swift; path = 10942.swift; sourceTree = "<group>"; };
		99FA4AF12927134E006583BB /* 1145.swift */ = {isa = PBXFileReference; lastKnownFileType = sourcecode.swift; path = 1145.swift; sourceTree = "<group>"; };
		99FA4AF32927889F006583BB /* 14487.swift */ = {isa = PBXFileReference; lastKnownFileType = sourcecode.swift; path = 14487.swift; sourceTree = "<group>"; };
		99FA4AF72928429B006583BB /* 1268.swift */ = {isa = PBXFileReference; lastKnownFileType = sourcecode.swift; path = 1268.swift; sourceTree = "<group>"; };
		99FA4AF9292D0BA7006583BB /* 1236A.swift */ = {isa = PBXFileReference; lastKnownFileType = sourcecode.swift; path = 1236A.swift; sourceTree = "<group>"; };
		99FA4AFC2931854A006583BB /* 1149.swift */ = {isa = PBXFileReference; lastKnownFileType = sourcecode.swift; path = 1149.swift; sourceTree = "<group>"; };
		99FA4AFF29318BBC006583BB /* codeA.swift */ = {isa = PBXFileReference; lastKnownFileType = sourcecode.swift; path = codeA.swift; sourceTree = "<group>"; };
		99FA4B022931D88A006583BB /* codeB.swift */ = {isa = PBXFileReference; lastKnownFileType = sourcecode.swift; path = codeB.swift; sourceTree = "<group>"; };
		99FA4B042931E657006583BB /* codeC.swift */ = {isa = PBXFileReference; lastKnownFileType = sourcecode.swift; path = codeC.swift; sourceTree = "<group>"; };
		99FA4B062934A926006583BB /* 12913.swift */ = {isa = PBXFileReference; lastKnownFileType = sourcecode.swift; path = 12913.swift; sourceTree = "<group>"; };
		99FA4B092935FD57006583BB /* 1388.swift */ = {isa = PBXFileReference; lastKnownFileType = sourcecode.swift; path = 1388.swift; sourceTree = "<group>"; };
		99FA4B0C2937E0B6006583BB /* 1049.swift */ = {isa = PBXFileReference; lastKnownFileType = sourcecode.swift; path = 1049.swift; sourceTree = "<group>"; };
/* End PBXFileReference section */

/* Begin PBXFrameworksBuildPhase section */
		99320C8628E776D300F592FD /* Frameworks */ = {
			isa = PBXFrameworksBuildPhase;
			buildActionMask = 2147483647;
			files = (
			);
			runOnlyForDeploymentPostprocessing = 0;
		};
/* End PBXFrameworksBuildPhase section */

/* Begin PBXGroup section */
		99320C8028E776D300F592FD = {
			isa = PBXGroup;
			children = (
				99320C8B28E776D300F592FD /* algorithmTrainning */,
				99A123E92A0B52C300482C9A /* main.swift */,
				99320C8A28E776D300F592FD /* Products */,
			);
			sourceTree = "<group>";
		};
		99320C8A28E776D300F592FD /* Products */ = {
			isa = PBXGroup;
			children = (
				99320C8928E776D300F592FD /* algorithmTrainning */,
			);
			name = Products;
			sourceTree = "<group>";
		};
		99320C8B28E776D300F592FD /* algorithmTrainning */ = {
			isa = PBXGroup;
			children = (
				99FA4B082935FD26006583BB /* PROG */,
				998D814828F0B4610025ED1B /* BOJ */,
				99FA4B0B2935FD88006583BB /* EXAM */,
				99FA4B012931D4C7006583BB /* codeTest */,
			);
			path = algorithmTrainning;
			sourceTree = "<group>";
		};
		998D814828F0B4610025ED1B /* BOJ */ = {
			isa = PBXGroup;
			children = (
				99FA4B0C2937E0B6006583BB /* 1049.swift */,
				99FA4AF12927134E006583BB /* 1145.swift */,
				99FA4AFC2931854A006583BB /* 1149.swift */,
				99FA4AF9292D0BA7006583BB /* 1236A.swift */,
				99FA4AEB2925ED40006583BB /* 1259.swift */,
				99FA4AF72928429B006583BB /* 1268.swift */,
				99C4CDE52A0A3B78001AA8D3 /* 1269.swift */,
				99FA4B092935FD57006583BB /* 1388.swift */,
				99C4CDE32A0A2C54001AA8D3 /* 1764.swift */,
				998D815C28F1EADE0025ED1B /* 2164.swift */,
				99C79C882A03871E0021E4D5 /* 2231.swift */,
				998D815828F192890025ED1B /* 2475.swift */,
				99320C8C28E776D300F592FD /* 2558.swift */,
				99C50D5929FFB68A00056FBF /* 2566.swift */,
				998D815428F188220025ED1B /* 2743.swift */,
				998D815228F17CD60025ED1B /* 2744.swift */,
				99DF45D12A02084F0003756C /* 3003.swift */,
				99BE409928F96EF500D2122B /* 4999.swift */,
				998D814A28F0BFCB0025ED1B /* 5522.swift */,
				998D813728F0B25F0025ED1B /* 5597.swift */,
				99919EAF2A08AB2100B2591B /* 7785.swift */,
				998D814C28F0C1E10025ED1B /* 9086.swift */,
				998FB64A2A00BE4600F99B18 /* 10798.swift */,
				998D815028F1614A0025ED1B /* 10807.swift */,
				99DF45D32A020A990003756C /* 10988.swift */,
				998D814E28F0C62D0025ED1B /* 11382.swift */,
				99FA4AF32927889F006583BB /* 14487.swift */,
				998D815628F1891F0025ED1B /* 15964.swift */,
				99919EAB2A062C2C00B2591B /* 25305.swift */,
				99FA4AEF292712F1006583BB /* BOJFAIL */,
			);
			path = BOJ;
			sourceTree = "<group>";
		};
		99FA4AEF292712F1006583BB /* BOJFAIL */ = {
			isa = PBXGroup;
			children = (
				99C50D532955A36500056FBF /* 1021.swift */,
				99B4ABFD2A00C65A00049CA3 /* 2563.swift */,
				99C50D55295782B100056FBF /* 8979.swift */,
				99FA4AED292611D9006583BB /* 10942.swift */,
				99919EAD2A062FDB00B2591B /* 14425.swift */,
				99DF45D52A0212CB0003756C /* 25206.swift */,
			);
			path = BOJFAIL;
			sourceTree = "<group>";
		};
		99FA4B012931D4C7006583BB /* codeTest */ = {
			isa = PBXGroup;
			children = (
				99FA4AFF29318BBC006583BB /* codeA.swift */,
				99FA4B022931D88A006583BB /* codeB.swift */,
				99FA4B042931E657006583BB /* codeC.swift */,
			);
			path = codeTest;
			sourceTree = "<group>";
		};
		99FA4B082935FD26006583BB /* PROG */ = {
			isa = PBXGroup;
			children = (
				99FA4B062934A926006583BB /* 12913.swift */,
			);
			path = PROG;
			sourceTree = "<group>";
		};
		99FA4B0B2935FD88006583BB /* EXAM */ = {
			isa = PBXGroup;
			children = (
				998D815A28F195960025ED1B /* dfsExam.swift */,
				998D815E28F1F0700025ED1B /* bfsExam.swift */,
				998D816028F1FA3E0025ED1B /* bfsExam2.swift */,
			);
			path = EXAM;
			sourceTree = "<group>";
		};
/* End PBXGroup section */

/* Begin PBXNativeTarget section */
		99320C8828E776D300F592FD /* algorithmTrainning */ = {
			isa = PBXNativeTarget;
			buildConfigurationList = 99320C9028E776D300F592FD /* Build configuration list for PBXNativeTarget "algorithmTrainning" */;
			buildPhases = (
				99320C8528E776D300F592FD /* Sources */,
				99320C8628E776D300F592FD /* Frameworks */,
				99320C8728E776D300F592FD /* CopyFiles */,
			);
			buildRules = (
			);
			dependencies = (
			);
			name = algorithmTrainning;
			productName = algorithmTrainning;
			productReference = 99320C8928E776D300F592FD /* algorithmTrainning */;
			productType = "com.apple.product-type.tool";
		};
/* End PBXNativeTarget section */

/* Begin PBXProject section */
		99320C8128E776D300F592FD /* Project object */ = {
			isa = PBXProject;
			attributes = {
				BuildIndependentTargetsInParallel = 1;
				LastSwiftUpdateCheck = 1400;
				LastUpgradeCheck = 1400;
				TargetAttributes = {
					99320C8828E776D300F592FD = {
						CreatedOnToolsVersion = 14.0;
					};
				};
			};
			buildConfigurationList = 99320C8428E776D300F592FD /* Build configuration list for PBXProject "algorithmTrainning" */;
			compatibilityVersion = "Xcode 14.0";
			developmentRegion = en;
			hasScannedForEncodings = 0;
			knownRegions = (
				en,
				Base,
			);
			mainGroup = 99320C8028E776D300F592FD;
			productRefGroup = 99320C8A28E776D300F592FD /* Products */;
			projectDirPath = "";
			projectRoot = "";
			targets = (
				99320C8828E776D300F592FD /* algorithmTrainning */,
			);
		};
/* End PBXProject section */

/* Begin PBXSourcesBuildPhase section */
		99320C8528E776D300F592FD /* Sources */ = {
			isa = PBXSourcesBuildPhase;
			buildActionMask = 2147483647;
			files = (
				99A123EA2A0B52C300482C9A /* main.swift in Sources */,
			);
			runOnlyForDeploymentPostprocessing = 0;
		};
/* End PBXSourcesBuildPhase section */

/* Begin XCBuildConfiguration section */
		99320C8E28E776D300F592FD /* Debug */ = {
			isa = XCBuildConfiguration;
			buildSettings = {
				ALWAYS_SEARCH_USER_PATHS = NO;
				CLANG_ANALYZER_NONNULL = YES;
				CLANG_ANALYZER_NUMBER_OBJECT_CONVERSION = YES_AGGRESSIVE;
				CLANG_CXX_LANGUAGE_STANDARD = "gnu++20";
				CLANG_ENABLE_MODULES = YES;
				CLANG_ENABLE_OBJC_ARC = YES;
				CLANG_ENABLE_OBJC_WEAK = YES;
				CLANG_WARN_BLOCK_CAPTURE_AUTORELEASING = YES;
				CLANG_WARN_BOOL_CONVERSION = YES;
				CLANG_WARN_COMMA = YES;
				CLANG_WARN_CONSTANT_CONVERSION = YES;
				CLANG_WARN_DEPRECATED_OBJC_IMPLEMENTATIONS = YES;
				CLANG_WARN_DIRECT_OBJC_ISA_USAGE = YES_ERROR;
				CLANG_WARN_DOCUMENTATION_COMMENTS = YES;
				CLANG_WARN_EMPTY_BODY = YES;
				CLANG_WARN_ENUM_CONVERSION = YES;
				CLANG_WARN_INFINITE_RECURSION = YES;
				CLANG_WARN_INT_CONVERSION = YES;
				CLANG_WARN_NON_LITERAL_NULL_CONVERSION = YES;
				CLANG_WARN_OBJC_IMPLICIT_RETAIN_SELF = YES;
				CLANG_WARN_OBJC_LITERAL_CONVERSION = YES;
				CLANG_WARN_OBJC_ROOT_CLASS = YES_ERROR;
				CLANG_WARN_QUOTED_INCLUDE_IN_FRAMEWORK_HEADER = YES;
				CLANG_WARN_RANGE_LOOP_ANALYSIS = YES;
				CLANG_WARN_STRICT_PROTOTYPES = YES;
				CLANG_WARN_SUSPICIOUS_MOVE = YES;
				CLANG_WARN_UNGUARDED_AVAILABILITY = YES_AGGRESSIVE;
				CLANG_WARN_UNREACHABLE_CODE = YES;
				CLANG_WARN__DUPLICATE_METHOD_MATCH = YES;
				COPY_PHASE_STRIP = NO;
				DEBUG_INFORMATION_FORMAT = dwarf;
				ENABLE_STRICT_OBJC_MSGSEND = YES;
				ENABLE_TESTABILITY = YES;
				GCC_C_LANGUAGE_STANDARD = gnu11;
				GCC_DYNAMIC_NO_PIC = NO;
				GCC_NO_COMMON_BLOCKS = YES;
				GCC_OPTIMIZATION_LEVEL = 0;
				GCC_PREPROCESSOR_DEFINITIONS = (
					"DEBUG=1",
					"$(inherited)",
				);
				GCC_WARN_64_TO_32_BIT_CONVERSION = YES;
				GCC_WARN_ABOUT_RETURN_TYPE = YES_ERROR;
				GCC_WARN_UNDECLARED_SELECTOR = YES;
				GCC_WARN_UNINITIALIZED_AUTOS = YES_AGGRESSIVE;
				GCC_WARN_UNUSED_FUNCTION = YES;
				GCC_WARN_UNUSED_VARIABLE = YES;
				MACOSX_DEPLOYMENT_TARGET = 12.3;
				MTL_ENABLE_DEBUG_INFO = INCLUDE_SOURCE;
				MTL_FAST_MATH = YES;
				ONLY_ACTIVE_ARCH = YES;
				SDKROOT = macosx;
				SWIFT_ACTIVE_COMPILATION_CONDITIONS = DEBUG;
				SWIFT_OPTIMIZATION_LEVEL = "-Onone";
			};
			name = Debug;
		};
		99320C8F28E776D300F592FD /* Release */ = {
			isa = XCBuildConfiguration;
			buildSettings = {
				ALWAYS_SEARCH_USER_PATHS = NO;
				CLANG_ANALYZER_NONNULL = YES;
				CLANG_ANALYZER_NUMBER_OBJECT_CONVERSION = YES_AGGRESSIVE;
				CLANG_CXX_LANGUAGE_STANDARD = "gnu++20";
				CLANG_ENABLE_MODULES = YES;
				CLANG_ENABLE_OBJC_ARC = YES;
				CLANG_ENABLE_OBJC_WEAK = YES;
				CLANG_WARN_BLOCK_CAPTURE_AUTORELEASING = YES;
				CLANG_WARN_BOOL_CONVERSION = YES;
				CLANG_WARN_COMMA = YES;
				CLANG_WARN_CONSTANT_CONVERSION = YES;
				CLANG_WARN_DEPRECATED_OBJC_IMPLEMENTATIONS = YES;
				CLANG_WARN_DIRECT_OBJC_ISA_USAGE = YES_ERROR;
				CLANG_WARN_DOCUMENTATION_COMMENTS = YES;
				CLANG_WARN_EMPTY_BODY = YES;
				CLANG_WARN_ENUM_CONVERSION = YES;
				CLANG_WARN_INFINITE_RECURSION = YES;
				CLANG_WARN_INT_CONVERSION = YES;
				CLANG_WARN_NON_LITERAL_NULL_CONVERSION = YES;
				CLANG_WARN_OBJC_IMPLICIT_RETAIN_SELF = YES;
				CLANG_WARN_OBJC_LITERAL_CONVERSION = YES;
				CLANG_WARN_OBJC_ROOT_CLASS = YES_ERROR;
				CLANG_WARN_QUOTED_INCLUDE_IN_FRAMEWORK_HEADER = YES;
				CLANG_WARN_RANGE_LOOP_ANALYSIS = YES;
				CLANG_WARN_STRICT_PROTOTYPES = YES;
				CLANG_WARN_SUSPICIOUS_MOVE = YES;
				CLANG_WARN_UNGUARDED_AVAILABILITY = YES_AGGRESSIVE;
				CLANG_WARN_UNREACHABLE_CODE = YES;
				CLANG_WARN__DUPLICATE_METHOD_MATCH = YES;
				COPY_PHASE_STRIP = NO;
				DEBUG_INFORMATION_FORMAT = "dwarf-with-dsym";
				ENABLE_NS_ASSERTIONS = NO;
				ENABLE_STRICT_OBJC_MSGSEND = YES;
				GCC_C_LANGUAGE_STANDARD = gnu11;
				GCC_NO_COMMON_BLOCKS = YES;
				GCC_WARN_64_TO_32_BIT_CONVERSION = YES;
				GCC_WARN_ABOUT_RETURN_TYPE = YES_ERROR;
				GCC_WARN_UNDECLARED_SELECTOR = YES;
				GCC_WARN_UNINITIALIZED_AUTOS = YES_AGGRESSIVE;
				GCC_WARN_UNUSED_FUNCTION = YES;
				GCC_WARN_UNUSED_VARIABLE = YES;
				MACOSX_DEPLOYMENT_TARGET = 12.3;
				MTL_ENABLE_DEBUG_INFO = NO;
				MTL_FAST_MATH = YES;
				SDKROOT = macosx;
				SWIFT_COMPILATION_MODE = wholemodule;
				SWIFT_OPTIMIZATION_LEVEL = "-O";
			};
			name = Release;
		};
		99320C9128E776D300F592FD /* Debug */ = {
			isa = XCBuildConfiguration;
			buildSettings = {
				CODE_SIGN_STYLE = Automatic;
				DEVELOPMENT_TEAM = 9XB7FH3RZ5;
				ENABLE_HARDENED_RUNTIME = YES;
				PRODUCT_NAME = "$(TARGET_NAME)";
				SWIFT_VERSION = 5.0;
			};
			name = Debug;
		};
		99320C9228E776D300F592FD /* Release */ = {
			isa = XCBuildConfiguration;
			buildSettings = {
				CODE_SIGN_STYLE = Automatic;
				DEVELOPMENT_TEAM = 9XB7FH3RZ5;
				ENABLE_HARDENED_RUNTIME = YES;
				PRODUCT_NAME = "$(TARGET_NAME)";
				SWIFT_VERSION = 5.0;
			};
			name = Release;
		};
/* End XCBuildConfiguration section */

/* Begin XCConfigurationList section */
		99320C8428E776D300F592FD /* Build configuration list for PBXProject "algorithmTrainning" */ = {
			isa = XCConfigurationList;
			buildConfigurations = (
				99320C8E28E776D300F592FD /* Debug */,
				99320C8F28E776D300F592FD /* Release */,
			);
			defaultConfigurationIsVisible = 0;
			defaultConfigurationName = Release;
		};
		99320C9028E776D300F592FD /* Build configuration list for PBXNativeTarget "algorithmTrainning" */ = {
			isa = XCConfigurationList;
			buildConfigurations = (
				99320C9128E776D300F592FD /* Debug */,
				99320C9228E776D300F592FD /* Release */,
			);
			defaultConfigurationIsVisible = 0;
			defaultConfigurationName = Release;
		};
/* End XCConfigurationList section */
	};
	rootObject = 99320C8128E776D300F592FD /* Project object */;
}
